
Microsoft Visual Studio Solution File, Format Version 12.00
# Visual Studio 15
VisualStudioVersion = 15.0.27428.2015
MinimumVisualStudioVersion = 10.0.40219.1
Project("{8BC9CEB8-8B4A-11D0-8D11-00A0C91BC942}") = "template_type_deduction", "template_type_deduction\template_type_deduction.vcxproj", "{FC276756-DA1F-4D0B-87CD-94CAC6AF508C}"
EndProject
Global
	GlobalSection(SolutionConfigurationPlatforms) = preSolution
		Debug|x64 = Debug|x64
		Debug|x86 = Debug|x86
		Release|x64 = Release|x64
		Release|x86 = Release|x86
	EndGlobalSection
	GlobalSection(ProjectConfigurationPlatforms) = postSolution
		{FC276756-DA1F-4D0B-87CD-94CAC6AF508C}.Debug|x64.ActiveCfg = Debug|x64
		{FC276756-DA1F-4D0B-87CD-94CAC6AF508C}.Debug|x64.Build.0 = Debug|x64
		{FC276756-DA1F-4D0B-87CD-94CAC6AF508C}.Debug|x86.ActiveCfg = Debug|Win32
		{FC276756-DA1F-4D0B-87CD-94CAC6AF508C}.Debug|x86.Build.0 = Debug|Win32
		{FC276756-DA1F-4D0B-87CD-94CAC6AF508C}.Release|x64.ActiveCfg = Release|x64
		{FC276756-DA1F-4D0B-87CD-94CAC6AF508C}.Release|x64.Build.0 = Release|x64
		{FC276756-DA1F-4D0B-87CD-94CAC6AF508C}.Release|x86.ActiveCfg = Release|Win32
		{FC276756-DA1F-4D0B-87CD-94CAC6AF508C}.Release|x86.Build.0 = Release|Win32
	EndGlobalSection
	GlobalSection(SolutionProperties) = preSolution
		HideSolutionNode = FALSE
	EndGlobalSection
	GlobalSection(ExtensibilityGlobals) = postSolution
		SolutionGuid = {00249F97-0E7F-4C08-ADBA-9BF4D3BACB21}
	EndGlobalSection
EndGlobal
