
Microsoft Visual Studio Solution File, Format Version 12.00
# Visual Studio 15
VisualStudioVersion = 15.0.27428.2015
MinimumVisualStudioVersion = 10.0.40219.1
Project("{8BC9CEB8-8B4A-11D0-8D11-00A0C91BC942}") = "template_type_index", "template_type_index\template_type_index.vcxproj", "{1FD11968-5DD9-4657-B7B6-E9CD3C52720C}"
EndProject
Global
	GlobalSection(SolutionConfigurationPlatforms) = preSolution
		Debug|x64 = Debug|x64
		Debug|x86 = Debug|x86
		Release|x64 = Release|x64
		Release|x86 = Release|x86
	EndGlobalSection
	GlobalSection(ProjectConfigurationPlatforms) = postSolution
		{1FD11968-5DD9-4657-B7B6-E9CD3C52720C}.Debug|x64.ActiveCfg = Debug|x64
		{1FD11968-5DD9-4657-B7B6-E9CD3C52720C}.Debug|x64.Build.0 = Debug|x64
		{1FD11968-5DD9-4657-B7B6-E9CD3C52720C}.Debug|x86.ActiveCfg = Debug|Win32
		{1FD11968-5DD9-4657-B7B6-E9CD3C52720C}.Debug|x86.Build.0 = Debug|Win32
		{1FD11968-5DD9-4657-B7B6-E9CD3C52720C}.Release|x64.ActiveCfg = Release|x64
		{1FD11968-5DD9-4657-B7B6-E9CD3C52720C}.Release|x64.Build.0 = Release|x64
		{1FD11968-5DD9-4657-B7B6-E9CD3C52720C}.Release|x86.ActiveCfg = Release|Win32
		{1FD11968-5DD9-4657-B7B6-E9CD3C52720C}.Release|x86.Build.0 = Release|Win32
	EndGlobalSection
	GlobalSection(SolutionProperties) = preSolution
		HideSolutionNode = FALSE
	EndGlobalSection
	GlobalSection(ExtensibilityGlobals) = postSolution
		SolutionGuid = {6477D2D6-ACFF-49C3-93D6-AA9DDC613BC3}
	EndGlobalSection
EndGlobal
